// !$*UTF8*$!
{
	archiveVersion = 1;
	classes = {
	};
	objectVersion = 50;
	objects = {

/* Begin PBXBuildFile section */
		52B331C98E839E8333DE1BAA /* Pods_twitter_App.framework in Frameworks */ = {isa = PBXBuildFile; fileRef = EF64052D79A4533670948BB9 /* Pods_twitter_App.framework */; };
		9C3FC22221CC39B300426D13 /* AppDelegate.swift in Sources */ = {isa = PBXBuildFile; fileRef = 9C3FC22121CC39B300426D13 /* AppDelegate.swift */; };
		9C3FC22421CC39B300426D13 /* ViewController.swift in Sources */ = {isa = PBXBuildFile; fileRef = 9C3FC22321CC39B300426D13 /* ViewController.swift */; };
		9C3FC22721CC39B300426D13 /* Main.storyboard in Resources */ = {isa = PBXBuildFile; fileRef = 9C3FC22521CC39B300426D13 /* Main.storyboard */; };
		9C3FC22921CC39B400426D13 /* Assets.xcassets in Resources */ = {isa = PBXBuildFile; fileRef = 9C3FC22821CC39B400426D13 /* Assets.xcassets */; };
		9C3FC22C21CC39B400426D13 /* LaunchScreen.storyboard in Resources */ = {isa = PBXBuildFile; fileRef = 9C3FC22A21CC39B400426D13 /* LaunchScreen.storyboard */; };
/* End PBXBuildFile section */

/* Begin PBXFileReference section */
		199EF4608CB27CD11FAF3AC4 /* Pods-twitter-App.debug.xcconfig */ = {isa = PBXFileReference; includeInIndex = 1; lastKnownFileType = text.xcconfig; name = "Pods-twitter-App.debug.xcconfig"; path = "Pods/Target Support Files/Pods-twitter-App/Pods-twitter-App.debug.xcconfig"; sourceTree = "<group>"; };
		1EDC8A7A3659053CF0983E3C /* Pods-twitter-App.release.xcconfig */ = {isa = PBXFileReference; includeInIndex = 1; lastKnownFileType = text.xcconfig; name = "Pods-twitter-App.release.xcconfig"; path = "Pods/Target Support Files/Pods-twitter-App/Pods-twitter-App.release.xcconfig"; sourceTree = "<group>"; };
		9C3FC21E21CC39B300426D13 /* twitter-App.app */ = {isa = PBXFileReference; explicitFileType = wrapper.application; includeInIndex = 0; path = "twitter-App.app"; sourceTree = BUILT_PRODUCTS_DIR; };
		9C3FC22121CC39B300426D13 /* AppDelegate.swift */ = {isa = PBXFileReference; lastKnownFileType = sourcecode.swift; path = AppDelegate.swift; sourceTree = "<group>"; };
		9C3FC22321CC39B300426D13 /* ViewController.swift */ = {isa = PBXFileReference; lastKnownFileType = sourcecode.swift; path = ViewController.swift; sourceTree = "<group>"; };
		9C3FC22621CC39B300426D13 /* Base */ = {isa = PBXFileReference; lastKnownFileType = file.storyboard; name = Base; path = Base.lproj/Main.storyboard; sourceTree = "<group>"; };
		9C3FC22821CC39B400426D13 /* Assets.xcassets */ = {isa = PBXFileReference; lastKnownFileType = folder.assetcatalog; path = Assets.xcassets; sourceTree = "<group>"; };
		9C3FC22B21CC39B400426D13 /* Base */ = {isa = PBXFileReference; lastKnownFileType = file.storyboard; name = Base; path = Base.lproj/LaunchScreen.storyboard; sourceTree = "<group>"; };
		9C3FC22D21CC39B400426D13 /* Info.plist */ = {isa = PBXFileReference; lastKnownFileType = text.plist.xml; path = Info.plist; sourceTree = "<group>"; };
		EF64052D79A4533670948BB9 /* Pods_twitter_App.framework */ = {isa = PBXFileReference; explicitFileType = wrapper.framework; includeInIndex = 0; path = Pods_twitter_App.framework; sourceTree = BUILT_PRODUCTS_DIR; };
/* End PBXFileReference section */

/* Begin PBXFrameworksBuildPhase section */
		9C3FC21B21CC39B300426D13 /* Frameworks */ = {
			isa = PBXFrameworksBuildPhase;
			buildActionMask = 2147483647;
			files = (
				52B331C98E839E8333DE1BAA /* Pods_twitter_App.framework in Frameworks */,
			);
			runOnlyForDeploymentPostprocessing = 0;
		};
/* End PBXFrameworksBuildPhase section */

/* Begin PBXGroup section */
		82AAEFCA14C752318AF6F10A /* Pods */ = {
			isa = PBXGroup;
			children = (
				199EF4608CB27CD11FAF3AC4 /* Pods-twitter-App.debug.xcconfig */,
				1EDC8A7A3659053CF0983E3C /* Pods-twitter-App.release.xcconfig */,
			);
			name = Pods;
			sourceTree = "<group>";
		};
		87EC07F4C7837F49CACCF3A8 /* Frameworks */ = {
			isa = PBXGroup;
			children = (
				EF64052D79A4533670948BB9 /* Pods_twitter_App.framework */,
			);
			name = Frameworks;
			sourceTree = "<group>";
		};
		9C3FC21521CC39B300426D13 = {
			isa = PBXGroup;
			children = (
				9C3FC22021CC39B300426D13 /* twitter-App */,
				9C3FC21F21CC39B300426D13 /* Products */,
				82AAEFCA14C752318AF6F10A /* Pods */,
				87EC07F4C7837F49CACCF3A8 /* Frameworks */,
			);
			sourceTree = "<group>";
		};
		9C3FC21F21CC39B300426D13 /* Products */ = {
			isa = PBXGroup;
			children = (
				9C3FC21E21CC39B300426D13 /* twitter-App.app */,
			);
			name = Products;
			sourceTree = "<group>";
		};
		9C3FC22021CC39B300426D13 /* twitter-App */ = {
			isa = PBXGroup;
			children = (
				9C3FC22121CC39B300426D13 /* AppDelegate.swift */,
				9C3FC22321CC39B300426D13 /* ViewController.swift */,
				9C3FC22521CC39B300426D13 /* Main.storyboard */,
				9C3FC22821CC39B400426D13 /* Assets.xcassets */,
				9C3FC22A21CC39B400426D13 /* LaunchScreen.storyboard */,
				9C3FC22D21CC39B400426D13 /* Info.plist */,
			);
			path = "twitter-App";
			sourceTree = "<group>";
		};
/* End PBXGroup section */

/* Begin PBXNativeTarget section */
		9C3FC21D21CC39B300426D13 /* twitter-App */ = {
			isa = PBXNativeTarget;
			buildConfigurationList = 9C3FC23021CC39B400426D13 /* Build configuration list for PBXNativeTarget "twitter-App" */;
			buildPhases = (
				07F44D023A2B028445769A19 /* [CP] Check Pods Manifest.lock */,
				9C3FC21A21CC39B300426D13 /* Sources */,
				9C3FC21B21CC39B300426D13 /* Frameworks */,
				9C3FC21C21CC39B300426D13 /* Resources */,
				F46A0C6CB0DB88E6E89F1C22 /* [CP] Embed Pods Frameworks */,
			);
			buildRules = (
			);
			dependencies = (
			);
			name = "twitter-App";
			productName = "twitter-App";
			productReference = 9C3FC21E21CC39B300426D13 /* twitter-App.app */;
			productType = "com.apple.product-type.application";
		};
/* End PBXNativeTarget section */

/* Begin PBXProject section */
		9C3FC21621CC39B300426D13 /* Project object */ = {
			isa = PBXProject;
			attributes = {
				LastSwiftUpdateCheck = 1010;
				LastUpgradeCheck = 1010;
				ORGANIZATIONNAME = "Caner Uçar";
				TargetAttributes = {
					9C3FC21D21CC39B300426D13 = {
						CreatedOnToolsVersion = 10.1;
					};
				};
			};
			buildConfigurationList = 9C3FC21921CC39B300426D13 /* Build configuration list for PBXProject "twitter-App" */;
			compatibilityVersion = "Xcode 9.3";
			developmentRegion = en;
			hasScannedForEncodings = 0;
			knownRegions = (
				en,
				Base,
			);
			mainGroup = 9C3FC21521CC39B300426D13;
			productRefGroup = 9C3FC21F21CC39B300426D13 /* Products */;
			projectDirPath = "";
			projectRoot = "";
			targets = (
				9C3FC21D21CC39B300426D13 /* twitter-App */,
			);
		};
/* End PBXProject section */

/* Begin PBXResourcesBuildPhase section */
		9C3FC21C21CC39B300426D13 /* Resources */ = {
			isa = PBXResourcesBuildPhase;
			buildActionMask = 2147483647;
			files = (
				9C3FC22C21CC39B400426D13 /* LaunchScreen.storyboard in Resources */,
				9C3FC22921CC39B400426D13 /* Assets.xcassets in Resources */,
				9C3FC22721CC39B300426D13 /* Main.storyboard in Resources */,
			);
			runOnlyForDeploymentPostprocessing = 0;
		};
/* End PBXResourcesBuildPhase section */

/* Begin PBXShellScriptBuildPhase section */
		07F44D023A2B028445769A19 /* [CP] Check Pods Manifest.lock */ = {
			isa = PBXShellScriptBuildPhase;
			buildActionMask = 2147483647;
			files = (
			);
			inputFileListPaths = (
			);
			inputPaths = (
				"${PODS_PODFILE_DIR_PATH}/Podfile.lock",
				"${PODS_ROOT}/Manifest.lock",
			);
			name = "[CP] Check Pods Manifest.lock";
			outputFileListPaths = (
			);
			outputPaths = (
				"$(DERIVED_FILE_DIR)/Pods-twitter-App-checkManifestLockResult.txt",
			);
			runOnlyForDeploymentPostprocessing = 0;
			shellPath = /bin/sh;
			shellScript = "diff \"${PODS_PODFILE_DIR_PATH}/Podfile.lock\" \"${PODS_ROOT}/Manifest.lock\" > /dev/null\nif [ $? != 0 ] ; then\n    # print error to STDERR\n    echo \"error: The sandbox is not in sync with the Podfile.lock. Run 'pod install' or update your CocoaPods installation.\" >&2\n    exit 1\nfi\n# This output is used by Xcode 'outputs' to avoid re-running this script phase.\necho \"SUCCESS\" > \"${SCRIPT_OUTPUT_FILE_0}\"\n";
			showEnvVarsInLog = 0;
		};
		F46A0C6CB0DB88E6E89F1C22 /* [CP] Embed Pods Frameworks */ = {
			isa = PBXShellScriptBuildPhase;
			buildActionMask = 2147483647;
			files = (
			);
			inputFileListPaths = (
			);
			inputPaths = (
				"${SRCROOT}/Pods/Target Support Files/Pods-twitter-App/Pods-twitter-App-frameworks.sh",
				"${BUILT_PRODUCTS_DIR}/LBTAComponents/LBTAComponents.framework",
				"${BUILT_PRODUCTS_DIR}/RevealingSplashView/RevealingSplashView.framework",
			);
			name = "[CP] Embed Pods Frameworks";
			outputFileListPaths = (
			);
			outputPaths = (
				"${TARGET_BUILD_DIR}/${FRAMEWORKS_FOLDER_PATH}/LBTAComponents.framework",
				"${TARGET_BUILD_DIR}/${FRAMEWORKS_FOLDER_PATH}/RevealingSplashView.framework",
			);
			runOnlyForDeploymentPostprocessing = 0;
			shellPath = /bin/sh;
			shellScript = "\"${SRCROOT}/Pods/Target Support Files/Pods-twitter-App/Pods-twitter-App-frameworks.sh\"\n";
			showEnvVarsInLog = 0;
		};
/* End PBXShellScriptBuildPhase section */

/* Begin PBXSourcesBuildPhase section */
		9C3FC21A21CC39B300426D13 /* Sources */ = {
			isa = PBXSourcesBuildPhase;
			buildActionMask = 2147483647;
			files = (
				9C3FC22421CC39B300426D13 /* ViewController.swift in Sources */,
				9C3FC22221CC39B300426D13 /* AppDelegate.swift in Sources */,
			);
			runOnlyForDeploymentPostprocessing = 0;
		};
/* End PBXSourcesBuildPhase section */

/* Begin PBXVariantGroup section */
		9C3FC22521CC39B300426D13 /* Main.storyboard */ = {
			isa = PBXVariantGroup;
			children = (
				9C3FC22621CC39B300426D13 /* Base */,
			);
			name = Main.storyboard;
			sourceTree = "<group>";
		};
		9C3FC22A21CC39B400426D13 /* LaunchScreen.storyboard */ = {
			isa = PBXVariantGroup;
			children = (
				9C3FC22B21CC39B400426D13 /* Base */,
			);
			name = LaunchScreen.storyboard;
			sourceTree = "<group>";
		};
/* End PBXVariantGroup section */

/* Begin XCBuildConfiguration section */
		9C3FC22E21CC39B400426D13 /* Debug */ = {
			isa = XCBuildConfiguration;
			buildSettings = {
				ALWAYS_SEARCH_USER_PATHS = NO;
				CLANG_ANALYZER_NONNULL = YES;
				CLANG_ANALYZER_NUMBER_OBJECT_CONVERSION = YES_AGGRESSIVE;
				CLANG_CXX_LANGUAGE_STANDARD = "gnu++14";
				CLANG_CXX_LIBRARY = "libc++";
				CLANG_ENABLE_MODULES = YES;
				CLANG_ENABLE_OBJC_ARC = YES;
				CLANG_ENABLE_OBJC_WEAK = YES;
				CLANG_WARN_BLOCK_CAPTURE_AUTORELEASING = YES;
				CLANG_WARN_BOOL_CONVERSION = YES;
				CLANG_WARN_COMMA = YES;
				CLANG_WARN_CONSTANT_CONVERSION = YES;
				CLANG_WARN_DEPRECATED_OBJC_IMPLEMENTATIONS = YES;
				CLANG_WARN_DIRECT_OBJC_ISA_USAGE = YES_ERROR;
				CLANG_WARN_DOCUMENTATION_COMMENTS = YES;
				CLANG_WARN_EMPTY_BODY = YES;
				CLANG_WARN_ENUM_CONVERSION = YES;
				CLANG_WARN_INFINITE_RECURSION = YES;
				CLANG_WARN_INT_CONVERSION = YES;
				CLANG_WARN_NON_LITERAL_NULL_CONVERSION = YES;
				CLANG_WARN_OBJC_IMPLICIT_RETAIN_SELF = YES;
				CLANG_WARN_OBJC_LITERAL_CONVERSION = YES;
				CLANG_WARN_OBJC_ROOT_CLASS = YES_ERROR;
				CLANG_WARN_RANGE_LOOP_ANALYSIS = YES;
				CLANG_WARN_STRICT_PROTOTYPES = YES;
				CLANG_WARN_SUSPICIOUS_MOVE = YES;
				CLANG_WARN_UNGUARDED_AVAILABILITY = YES_AGGRESSIVE;
				CLANG_WARN_UNREACHABLE_CODE = YES;
				CLANG_WARN__DUPLICATE_METHOD_MATCH = YES;
				CODE_SIGN_IDENTITY = "iPhone Developer";
				COPY_PHASE_STRIP = NO;
				DEBUG_INFORMATION_FORMAT = dwarf;
				ENABLE_STRICT_OBJC_MSGSEND = YES;
				ENABLE_TESTABILITY = YES;
				GCC_C_LANGUAGE_STANDARD = gnu11;
				GCC_DYNAMIC_NO_PIC = NO;
				GCC_NO_COMMON_BLOCKS = YES;
				GCC_OPTIMIZATION_LEVEL = 0;
				GCC_PREPROCESSOR_DEFINITIONS = (
					"DEBUG=1",
					"$(inherited)",
				);
				GCC_WARN_64_TO_32_BIT_CONVERSION = YES;
				GCC_WARN_ABOUT_RETURN_TYPE = YES_ERROR;
				GCC_WARN_UNDECLARED_SELECTOR = YES;
				GCC_WARN_UNINITIALIZED_AUTOS = YES_AGGRESSIVE;
				GCC_WARN_UNUSED_FUNCTION = YES;
				GCC_WARN_UNUSED_VARIABLE = YES;
				IPHONEOS_DEPLOYMENT_TARGET = 12.1;
				MTL_ENABLE_DEBUG_INFO = INCLUDE_SOURCE;
				MTL_FAST_MATH = YES;
				ONLY_ACTIVE_ARCH = YES;
				SDKROOT = iphoneos;
				SWIFT_ACTIVE_COMPILATION_CONDITIONS = DEBUG;
				SWIFT_OPTIMIZATION_LEVEL = "-Onone";
			};
			name = Debug;
		};
		9C3FC22F21CC39B400426D13 /* Release */ = {
			isa = XCBuildConfiguration;
			buildSettings = {
				ALWAYS_SEARCH_USER_PATHS = NO;
				CLANG_ANALYZER_NONNULL = YES;
				CLANG_ANALYZER_NUMBER_OBJECT_CONVERSION = YES_AGGRESSIVE;
				CLANG_CXX_LANGUAGE_STANDARD = "gnu++14";
				CLANG_CXX_LIBRARY = "libc++";
				CLANG_ENABLE_MODULES = YES;
				CLANG_ENABLE_OBJC_ARC = YES;
				CLANG_ENABLE_OBJC_WEAK = YES;
				CLANG_WARN_BLOCK_CAPTURE_AUTORELEASING = YES;
				CLANG_WARN_BOOL_CONVERSION = YES;
				CLANG_WARN_COMMA = YES;
				CLANG_WARN_CONSTANT_CONVERSION = YES;
				CLANG_WARN_DEPRECATED_OBJC_IMPLEMENTATIONS = YES;
				CLANG_WARN_DIRECT_OBJC_ISA_USAGE = YES_ERROR;
				CLANG_WARN_DOCUMENTATION_COMMENTS = YES;
				CLANG_WARN_EMPTY_BODY = YES;
				CLANG_WARN_ENUM_CONVERSION = YES;
				CLANG_WARN_INFINITE_RECURSION = YES;
				CLANG_WARN_INT_CONVERSION = YES;
				CLANG_WARN_NON_LITERAL_NULL_CONVERSION = YES;
				CLANG_WARN_OBJC_IMPLICIT_RETAIN_SELF = YES;
				CLANG_WARN_OBJC_LITERAL_CONVERSION = YES;
				CLANG_WARN_OBJC_ROOT_CLASS = YES_ERROR;
				CLANG_WARN_RANGE_LOOP_ANALYSIS = YES;
				CLANG_WARN_STRICT_PROTOTYPES = YES;
				CLANG_WARN_SUSPICIOUS_MOVE = YES;
				CLANG_WARN_UNGUARDED_AVAILABILITY = YES_AGGRESSIVE;
				CLANG_WARN_UNREACHABLE_CODE = YES;
				CLANG_WARN__DUPLICATE_METHOD_MATCH = YES;
				CODE_SIGN_IDENTITY = "iPhone Developer";
				COPY_PHASE_STRIP = NO;
				DEBUG_INFORMATION_FORMAT = "dwarf-with-dsym";
				ENABLE_NS_ASSERTIONS = NO;
				ENABLE_STRICT_OBJC_MSGSEND = YES;
				GCC_C_LANGUAGE_STANDARD = gnu11;
				GCC_NO_COMMON_BLOCKS = YES;
				GCC_WARN_64_TO_32_BIT_CONVERSION = YES;
				GCC_WARN_ABOUT_RETURN_TYPE = YES_ERROR;
				GCC_WARN_UNDECLARED_SELECTOR = YES;
				GCC_WARN_UNINITIALIZED_AUTOS = YES_AGGRESSIVE;
				GCC_WARN_UNUSED_FUNCTION = YES;
				GCC_WARN_UNUSED_VARIABLE = YES;
				IPHONEOS_DEPLOYMENT_TARGET = 12.1;
				MTL_ENABLE_DEBUG_INFO = NO;
				MTL_FAST_MATH = YES;
				SDKROOT = iphoneos;
				SWIFT_COMPILATION_MODE = wholemodule;
				SWIFT_OPTIMIZATION_LEVEL = "-O";
				VALIDATE_PRODUCT = YES;
			};
			name = Release;
		};
		9C3FC23121CC39B400426D13 /* Debug */ = {
			isa = XCBuildConfiguration;
			baseConfigurationReference = 199EF4608CB27CD11FAF3AC4 /* Pods-twitter-App.debug.xcconfig */;
			buildSettings = {
				ASSETCATALOG_COMPILER_APPICON_NAME = AppIcon;
				CODE_SIGN_STYLE = Automatic;
				DEVELOPMENT_TEAM = 22XVPVC3NZ;
				INFOPLIST_FILE = "twitter-App/Info.plist";
				IPHONEOS_DEPLOYMENT_TARGET = 11.0;
				LD_RUNPATH_SEARCH_PATHS = (
					"$(inherited)",
					"@executable_path/Frameworks",
				);
				PRODUCT_BUNDLE_IDENTIFIER = "com.canerucar.twitter-App";
				PRODUCT_NAME = "$(TARGET_NAME)";
				SWIFT_VERSION = 4.2;
				TARGETED_DEVICE_FAMILY = "1,2";
			};
			name = Debug;
		};
		9C3FC23221CC39B400426D13 /* Release */ = {
			isa = XCBuildConfiguration;
			baseConfigurationReference = 1EDC8A7A3659053CF0983E3C /* Pods-twitter-App.release.xcconfig */;
			buildSettings = {
				ASSETCATALOG_COMPILER_APPICON_NAME = AppIcon;
				CODE_SIGN_STYLE = Automatic;
				DEVELOPMENT_TEAM = 22XVPVC3NZ;
				INFOPLIST_FILE = "twitter-App/Info.plist";
				IPHONEOS_DEPLOYMENT_TARGET = 11.0;
				LD_RUNPATH_SEARCH_PATHS = (
					"$(inherited)",
					"@executable_path/Frameworks",
				);
				PRODUCT_BUNDLE_IDENTIFIER = "com.canerucar.twitter-App";
				PRODUCT_NAME = "$(TARGET_NAME)";
				SWIFT_VERSION = 4.2;
				TARGETED_DEVICE_FAMILY = "1,2";
			};
			name = Release;
		};
/* End XCBuildConfiguration section */

/* Begin XCConfigurationList section */
		9C3FC21921CC39B300426D13 /* Build configuration list for PBXProject "twitter-App" */ = {
			isa = XCConfigurationList;
			buildConfigurations = (
				9C3FC22E21CC39B400426D13 /* Debug */,
				9C3FC22F21CC39B400426D13 /* Release */,
			);
			defaultConfigurationIsVisible = 0;
			defaultConfigurationName = Release;
		};
		9C3FC23021CC39B400426D13 /* Build configuration list for PBXNativeTarget "twitter-App" */ = {
			isa = XCConfigurationList;
			buildConfigurations = (
				9C3FC23121CC39B400426D13 /* Debug */,
				9C3FC23221CC39B400426D13 /* Release */,
			);
			defaultConfigurationIsVisible = 0;
			defaultConfigurationName = Release;
		};
/* End XCConfigurationList section */
	};
	rootObject = 9C3FC21621CC39B300426D13 /* Project object */;
}
